
Microsoft Visual Studio Solution File, Format Version 12.00
# Visual Studio 15
VisualStudioVersion = 15.0.27703.2000
MinimumVisualStudioVersion = 10.0.40219.1
Project("{FAE04EC0-301F-11D3-BF4B-00C04F79EFBC}") = "RestApiEngine", "RestApiEngine\RestApiEngine.csproj", "{160EB87C-EA35-425F-8636-F0746C4AABDB}"
EndProject
Project("{FAE04EC0-301F-11D3-BF4B-00C04F79EFBC}") = "TestConsoleApp", "TestConsoleApp\TestConsoleApp.csproj", "{BA02D84D-9333-49A8-ACBB-1A35B14C3B39}"
EndProject
Global
	GlobalSection(SolutionConfigurationPlatforms) = preSolution
		Debug|Any CPU = Debug|Any CPU
		Release|Any CPU = Release|Any CPU
	EndGlobalSection
	GlobalSection(ProjectConfigurationPlatforms) = postSolution
		{160EB87C-EA35-425F-8636-F0746C4AABDB}.Debug|Any CPU.ActiveCfg = Debug|Any CPU
		{160EB87C-EA35-425F-8636-F0746C4AABDB}.Debug|Any CPU.Build.0 = Debug|Any CPU
		{160EB87C-EA35-425F-8636-F0746C4AABDB}.Release|Any CPU.ActiveCfg = Release|Any CPU
		{160EB87C-EA35-425F-8636-F0746C4AABDB}.Release|Any CPU.Build.0 = Release|Any CPU
		{BA02D84D-9333-49A8-ACBB-1A35B14C3B39}.Debug|Any CPU.ActiveCfg = Debug|Any CPU
		{BA02D84D-9333-49A8-ACBB-1A35B14C3B39}.Debug|Any CPU.Build.0 = Debug|Any CPU
		{BA02D84D-9333-49A8-ACBB-1A35B14C3B39}.Release|Any CPU.ActiveCfg = Release|Any CPU
		{BA02D84D-9333-49A8-ACBB-1A35B14C3B39}.Release|Any CPU.Build.0 = Release|Any CPU
	EndGlobalSection
	GlobalSection(SolutionProperties) = preSolution
		HideSolutionNode = FALSE
	EndGlobalSection
	GlobalSection(ExtensibilityGlobals) = postSolution
		SolutionGuid = {8408C99C-C5C8-407F-96C1-D948600FF366}
	EndGlobalSection
EndGlobal
